
Microsoft Visual Studio Solution File, Format Version 12.00
# Visual Studio Version 17
VisualStudioVersion = 17.0.31903.59
MinimumVisualStudioVersion = 10.0.40219.1
Project("{2150E333-8FDC-42A3-9474-1A3956D46DE8}") = "src", "src", "{827E0CD3-B72D-47B6-A68D-7590B98EB39B}"
EndProject
Project("{FAE04EC0-301F-11D3-BF4B-00C04F79EFBC}") = "OrderService", "src\OrderService\OrderService.csproj", "{BA69FFDB-4932-44B0-BB89-424AAE680255}"
EndProject
Project("{FAE04EC0-301F-11D3-BF4B-00C04F79EFBC}") = "InventoryService", "src\InventoryService\InventoryService.csproj", "{0DB1EB76-E697-44AA-86C5-E4C0E985FC95}"
EndProject
Project("{FAE04EC0-301F-11D3-BF4B-00C04F79EFBC}") = "PaymentService", "src\PaymentService\PaymentService.csproj", "{FD1B1BD9-FD35-47B8-AE77-44E24988684A}"
EndProject
Project("{FAE04EC0-301F-11D3-BF4B-00C04F79EFBC}") = "NotificationService", "src\NotificationService\NotificationService.csproj", "{D8707A09-59ED-42F1-A619-43A7554569F5}"
EndProject
Project("{FAE04EC0-301F-11D3-BF4B-00C04F79EFBC}") = "AnalyticsService", "src\AnalyticsService\AnalyticsService.csproj", "{5EC01B6E-2E70-4923-ADFE-22962D368451}"
EndProject
Project("{FAE04EC0-301F-11D3-BF4B-00C04F79EFBC}") = "SharedKernel", "src\SharedKernel\SharedKernel.csproj", "{43A594E1-69DF-4386-9FB6-8FC68185B3FF}"
EndProject
Global
	GlobalSection(SolutionConfigurationPlatforms) = preSolution
		Debug|Any CPU = Debug|Any CPU
		Debug|x64 = Debug|x64
		Debug|x86 = Debug|x86
		Release|Any CPU = Release|Any CPU
		Release|x64 = Release|x64
		Release|x86 = Release|x86
	EndGlobalSection
	GlobalSection(ProjectConfigurationPlatforms) = postSolution
		{BA69FFDB-4932-44B0-BB89-424AAE680255}.Debug|Any CPU.ActiveCfg = Debug|Any CPU
		{BA69FFDB-4932-44B0-BB89-424AAE680255}.Debug|Any CPU.Build.0 = Debug|Any CPU
		{BA69FFDB-4932-44B0-BB89-424AAE680255}.Debug|x64.ActiveCfg = Debug|Any CPU
		{BA69FFDB-4932-44B0-BB89-424AAE680255}.Debug|x64.Build.0 = Debug|Any CPU
		{BA69FFDB-4932-44B0-BB89-424AAE680255}.Debug|x86.ActiveCfg = Debug|Any CPU
		{BA69FFDB-4932-44B0-BB89-424AAE680255}.Debug|x86.Build.0 = Debug|Any CPU
		{BA69FFDB-4932-44B0-BB89-424AAE680255}.Release|Any CPU.ActiveCfg = Release|Any CPU
		{BA69FFDB-4932-44B0-BB89-424AAE680255}.Release|Any CPU.Build.0 = Release|Any CPU
		{BA69FFDB-4932-44B0-BB89-424AAE680255}.Release|x64.ActiveCfg = Release|Any CPU
		{BA69FFDB-4932-44B0-BB89-424AAE680255}.Release|x64.Build.0 = Release|Any CPU
		{BA69FFDB-4932-44B0-BB89-424AAE680255}.Release|x86.ActiveCfg = Release|Any CPU
		{BA69FFDB-4932-44B0-BB89-424AAE680255}.Release|x86.Build.0 = Release|Any CPU
		{0DB1EB76-E697-44AA-86C5-E4C0E985FC95}.Debug|Any CPU.ActiveCfg = Debug|Any CPU
		{0DB1EB76-E697-44AA-86C5-E4C0E985FC95}.Debug|Any CPU.Build.0 = Debug|Any CPU
		{0DB1EB76-E697-44AA-86C5-E4C0E985FC95}.Debug|x64.ActiveCfg = Debug|Any CPU
		{0DB1EB76-E697-44AA-86C5-E4C0E985FC95}.Debug|x64.Build.0 = Debug|Any CPU
		{0DB1EB76-E697-44AA-86C5-E4C0E985FC95}.Debug|x86.ActiveCfg = Debug|Any CPU
		{0DB1EB76-E697-44AA-86C5-E4C0E985FC95}.Debug|x86.Build.0 = Debug|Any CPU
		{0DB1EB76-E697-44AA-86C5-E4C0E985FC95}.Release|Any CPU.ActiveCfg = Release|Any CPU
		{0DB1EB76-E697-44AA-86C5-E4C0E985FC95}.Release|Any CPU.Build.0 = Release|Any CPU
		{0DB1EB76-E697-44AA-86C5-E4C0E985FC95}.Release|x64.ActiveCfg = Release|Any CPU
		{0DB1EB76-E697-44AA-86C5-E4C0E985FC95}.Release|x64.Build.0 = Release|Any CPU
		{0DB1EB76-E697-44AA-86C5-E4C0E985FC95}.Release|x86.ActiveCfg = Release|Any CPU
		{0DB1EB76-E697-44AA-86C5-E4C0E985FC95}.Release|x86.Build.0 = Release|Any CPU
		{FD1B1BD9-FD35-47B8-AE77-44E24988684A}.Debug|Any CPU.ActiveCfg = Debug|Any CPU
		{FD1B1BD9-FD35-47B8-AE77-44E24988684A}.Debug|Any CPU.Build.0 = Debug|Any CPU
		{FD1B1BD9-FD35-47B8-AE77-44E24988684A}.Debug|x64.ActiveCfg = Debug|Any CPU
		{FD1B1BD9-FD35-47B8-AE77-44E24988684A}.Debug|x64.Build.0 = Debug|Any CPU
		{FD1B1BD9-FD35-47B8-AE77-44E24988684A}.Debug|x86.ActiveCfg = Debug|Any CPU
		{FD1B1BD9-FD35-47B8-AE77-44E24988684A}.Debug|x86.Build.0 = Debug|Any CPU
		{FD1B1BD9-FD35-47B8-AE77-44E24988684A}.Release|Any CPU.ActiveCfg = Release|Any CPU
		{FD1B1BD9-FD35-47B8-AE77-44E24988684A}.Release|Any CPU.Build.0 = Release|Any CPU
		{FD1B1BD9-FD35-47B8-AE77-44E24988684A}.Release|x64.ActiveCfg = Release|Any CPU
		{FD1B1BD9-FD35-47B8-AE77-44E24988684A}.Release|x64.Build.0 = Release|Any CPU
		{FD1B1BD9-FD35-47B8-AE77-44E24988684A}.Release|x86.ActiveCfg = Release|Any CPU
		{FD1B1BD9-FD35-47B8-AE77-44E24988684A}.Release|x86.Build.0 = Release|Any CPU
		{D8707A09-59ED-42F1-A619-43A7554569F5}.Debug|Any CPU.ActiveCfg = Debug|Any CPU
		{D8707A09-59ED-42F1-A619-43A7554569F5}.Debug|Any CPU.Build.0 = Debug|Any CPU
		{D8707A09-59ED-42F1-A619-43A7554569F5}.Debug|x64.ActiveCfg = Debug|Any CPU
		{D8707A09-59ED-42F1-A619-43A7554569F5}.Debug|x64.Build.0 = Debug|Any CPU
		{D8707A09-59ED-42F1-A619-43A7554569F5}.Debug|x86.ActiveCfg = Debug|Any CPU
		{D8707A09-59ED-42F1-A619-43A7554569F5}.Debug|x86.Build.0 = Debug|Any CPU
		{D8707A09-59ED-42F1-A619-43A7554569F5}.Release|Any CPU.ActiveCfg = Release|Any CPU
		{D8707A09-59ED-42F1-A619-43A7554569F5}.Release|Any CPU.Build.0 = Release|Any CPU
		{D8707A09-59ED-42F1-A619-43A7554569F5}.Release|x64.ActiveCfg = Release|Any CPU
		{D8707A09-59ED-42F1-A619-43A7554569F5}.Release|x64.Build.0 = Release|Any CPU
		{D8707A09-59ED-42F1-A619-43A7554569F5}.Release|x86.ActiveCfg = Release|Any CPU
		{D8707A09-59ED-42F1-A619-43A7554569F5}.Release|x86.Build.0 = Release|Any CPU
		{5EC01B6E-2E70-4923-ADFE-22962D368451}.Debug|Any CPU.ActiveCfg = Debug|Any CPU
		{5EC01B6E-2E70-4923-ADFE-22962D368451}.Debug|Any CPU.Build.0 = Debug|Any CPU
		{5EC01B6E-2E70-4923-ADFE-22962D368451}.Debug|x64.ActiveCfg = Debug|Any CPU
		{5EC01B6E-2E70-4923-ADFE-22962D368451}.Debug|x64.Build.0 = Debug|Any CPU
		{5EC01B6E-2E70-4923-ADFE-22962D368451}.Debug|x86.ActiveCfg = Debug|Any CPU
		{5EC01B6E-2E70-4923-ADFE-22962D368451}.Debug|x86.Build.0 = Debug|Any CPU
		{5EC01B6E-2E70-4923-ADFE-22962D368451}.Release|Any CPU.ActiveCfg = Release|Any CPU
		{5EC01B6E-2E70-4923-ADFE-22962D368451}.Release|Any CPU.Build.0 = Release|Any CPU
		{5EC01B6E-2E70-4923-ADFE-22962D368451}.Release|x64.ActiveCfg = Release|Any CPU
		{5EC01B6E-2E70-4923-ADFE-22962D368451}.Release|x64.Build.0 = Release|Any CPU
		{5EC01B6E-2E70-4923-ADFE-22962D368451}.Release|x86.ActiveCfg = Release|Any CPU
		{5EC01B6E-2E70-4923-ADFE-22962D368451}.Release|x86.Build.0 = Release|Any CPU
		{43A594E1-69DF-4386-9FB6-8FC68185B3FF}.Debug|Any CPU.ActiveCfg = Debug|Any CPU
		{43A594E1-69DF-4386-9FB6-8FC68185B3FF}.Debug|Any CPU.Build.0 = Debug|Any CPU
		{43A594E1-69DF-4386-9FB6-8FC68185B3FF}.Debug|x64.ActiveCfg = Debug|Any CPU
		{43A594E1-69DF-4386-9FB6-8FC68185B3FF}.Debug|x64.Build.0 = Debug|Any CPU
		{43A594E1-69DF-4386-9FB6-8FC68185B3FF}.Debug|x86.ActiveCfg = Debug|Any CPU
		{43A594E1-69DF-4386-9FB6-8FC68185B3FF}.Debug|x86.Build.0 = Debug|Any CPU
		{43A594E1-69DF-4386-9FB6-8FC68185B3FF}.Release|Any CPU.ActiveCfg = Release|Any CPU
		{43A594E1-69DF-4386-9FB6-8FC68185B3FF}.Release|Any CPU.Build.0 = Release|Any CPU
		{43A594E1-69DF-4386-9FB6-8FC68185B3FF}.Release|x64.ActiveCfg = Release|Any CPU
		{43A594E1-69DF-4386-9FB6-8FC68185B3FF}.Release|x64.Build.0 = Release|Any CPU
		{43A594E1-69DF-4386-9FB6-8FC68185B3FF}.Release|x86.ActiveCfg = Release|Any CPU
		{43A594E1-69DF-4386-9FB6-8FC68185B3FF}.Release|x86.Build.0 = Release|Any CPU
	EndGlobalSection
	GlobalSection(SolutionProperties) = preSolution
		HideSolutionNode = FALSE
	EndGlobalSection
	GlobalSection(NestedProjects) = preSolution
		{BA69FFDB-4932-44B0-BB89-424AAE680255} = {827E0CD3-B72D-47B6-A68D-7590B98EB39B}
		{0DB1EB76-E697-44AA-86C5-E4C0E985FC95} = {827E0CD3-B72D-47B6-A68D-7590B98EB39B}
		{FD1B1BD9-FD35-47B8-AE77-44E24988684A} = {827E0CD3-B72D-47B6-A68D-7590B98EB39B}
		{D8707A09-59ED-42F1-A619-43A7554569F5} = {827E0CD3-B72D-47B6-A68D-7590B98EB39B}
		{5EC01B6E-2E70-4923-ADFE-22962D368451} = {827E0CD3-B72D-47B6-A68D-7590B98EB39B}
		{43A594E1-69DF-4386-9FB6-8FC68185B3FF} = {827E0CD3-B72D-47B6-A68D-7590B98EB39B}
	EndGlobalSection
EndGlobal
